
Microsoft Visual Studio Solution File, Format Version 11.00
# Visual Studio 2010
Project("{FAE04EC0-301F-11D3-BF4B-00C04F79EFBC}") = "V", "V.csproj", "{7818D6AF-E41E-4A27-A1E2-A23708835435}"
EndProject
Global
	GlobalSection(SolutionConfigurationPlatforms) = preSolution
		Debug|Any CPU = Debug|Any CPU
		Release|Any CPU = Release|Any CPU
	EndGlobalSection
	GlobalSection(ProjectConfigurationPlatforms) = postSolution
		{7818D6AF-E41E-4A27-A1E2-A23708835435}.Debug|Any CPU.ActiveCfg = Debug|Any CPU
		{7818D6AF-E41E-4A27-A1E2-A23708835435}.Debug|Any CPU.Build.0 = Debug|Any CPU
		{7818D6AF-E41E-4A27-A1E2-A23708835435}.Release|Any CPU.ActiveCfg = Release|Any CPU
		{7818D6AF-E41E-4A27-A1E2-A23708835435}.Release|Any CPU.Build.0 = Release|Any CPU
	EndGlobalSection
	GlobalSection(SolutionProperties) = preSolution
		HideSolutionNode = FALSE
	EndGlobalSection
EndGlobal
